PODS:
  - Flutter (1.0.0)
  - hello (0.0.1):
    - Flutter
  - WechatOpenSDK (1.8.6)

DEPENDENCIES:
  - Flutter (from `Flutter`)
  - hello (from `.symlinks/plugins/hello/ios`)
  - WechatOpenSDK

SPEC REPOS:
  trunk:
    - WechatOpenSDK

EXTERNAL SOURCES:
  Flutter:
    :path: Flutter
  hello:
    :path: ".symlinks/plugins/hello/ios"

SPEC CHECKSUMS:
  Flutter: 0e3d915762c693b495b44d77113d4970485de6ec
  hello: 98c20c523a951dff8661b105becc04a6f6fbf32c
  WechatOpenSDK: 368ae03b72ee3ea1328c4f11326fbb5d2721d118

PODFILE CHECKSUM: 9bb8872f274c9907344746dd573f04d61c298c4e

COCOAPODS: 1.8.4
